<Solution>
  <Folder Name="/src/" />
  <Folder Name="/src/API/">
    <Project Path="src/API/Sanad.API/Sanad.API.csproj" />
  </Folder>
  <Folder Name="/src/BuildingBlocks/" />
  <Folder Name="/src/BuildingBlocks/Application/">
    <Project Path="src/BuildingBlocks/Application/Sanad.BuildingBlocks.Application/Sanad.BuildingBlocks.Application.csproj" />
  </Folder>
  <Folder Name="/src/BuildingBlocks/Contracts/">
    <Project Path="src/BuildingBlocks/Contracts/Sanad.BuildingBlocks.Contracts/Sanad.BuildingBlocks.Contracts.csproj" />
  </Folder>
  <Folder Name="/src/BuildingBlocks/Domain/">
    <Project Path="src/BuildingBlocks/Domain/Sanad.BuildingBlocks.Domain/Sanad.BuildingBlocks.Domain.csproj" />
  </Folder>
  <Folder Name="/src/BuildingBlocks/Infrastructure/">
    <Project Path="src/BuildingBlocks/Infrastructure/Sanad.BuildingBlocks.Infrastructure/Sanad.BuildingBlocks.Infrastructure.csproj" />
  </Folder>
  <Folder Name="/src/Modules/" />
  <Folder Name="/src/Modules/Caregivers/" />
  <Folder Name="/src/Modules/Caregivers/Application/">
    <Project Path="src/Modules/Caregivers/Application/Sanad.Modules.Caregivers.Application/Sanad.Modules.Caregivers.Application.csproj" />
  </Folder>
  <Folder Name="/src/Modules/Caregivers/Domain/">
    <Project Path="src/Modules/Caregivers/Domain/Sanad.Modules.Caregivers.Domain/Sanad.Modules.Caregivers.Domain.csproj" />
  </Folder>
  <Folder Name="/src/Modules/Caregivers/Infrastructure/">
    <Project Path="src/Modules/Caregivers/Infrastructure/Sanad.Modules.Caregivers.Infrastructure/Sanad.Modules.Caregivers.Infrastructure.csproj" />
  </Folder>
  <Folder Name="/src/Modules/Caregivers/Presentation/">
    <Project Path="src/Modules/Caregivers/Presentation/Sanad.Modules.Caregivers.Presentation/Sanad.Modules.Caregivers.Presentation.csproj" />
  </Folder>
  <Folder Name="/src/Modules/Cms/" />
  <Folder Name="/src/Modules/Cms/Domain/">
    <Project Path="src/Modules/Cms/Domain/Sanad.Modules.Cms.Domain/Sanad.Modules.Cms.Domain.csproj" />
  </Folder>
  <Folder Name="/src/Modules/Families/" />
  <Folder Name="/src/Modules/Families/Application/">
    <Project Path="src/Modules/Families/Application/Sanad.Modules.Families.Application/Sanad.Modules.Families.Application.csproj" />
  </Folder>
  <Folder Name="/src/Modules/Families/Domain/">
    <Project Path="src/Modules/Families/Domain/Sanad.Modules.Families.Domain/Sanad.Modules.Families.Domain.csproj" />
  </Folder>
  <Folder Name="/src/Modules/Families/Infrastructure/">
    <Project Path="src/Modules/Families/Infrastructure/Sanad.Modules.Families.Infrastructure/Sanad.Modules.Families.Infrastructure.csproj" />
  </Folder>
  <Folder Name="/src/Modules/Families/Presentation/">
    <Project Path="src/Modules/Families/Presentation/Sanad.Modules.Families.Presentation/Sanad.Modules.Families.Presentation.csproj" />
  </Folder>
  <Folder Name="/src/Modules/Identity/" />
  <Folder Name="/src/Modules/Identity/Application/">
    <Project Path="src/Modules/Identity/Application/Sanad.Modules.Identity.Application/Sanad.Modules.Identity.Application.csproj" />
  </Folder>
  <Folder Name="/src/Modules/Identity/Domain/">
    <Project Path="src/Modules/Identity/Domain/Sanad.Modules.Identity.Domain/Sanad.Modules.Identity.Domain.csproj" />
  </Folder>
  <Folder Name="/src/Modules/Identity/Infrastructure/">
    <Project Path="src/Modules/Identity/Infrastructure/Sanad.Modules.Identity.Infrastructure/Sanad.Modules.Identity.Infrastructure.csproj" />
  </Folder>
  <Folder Name="/src/Modules/Identity/Presentation/">
    <Project Path="src/Modules/Identity/Presentation/Sanad.Modules.Identity.Presentation/Sanad.Modules.Identity.Presentation.csproj" />
  </Folder>
  <Folder Name="/tests/">
    <Project Path="tests/Sanad.ArchitectureTests/Sanad.ArchitectureTests.csproj" />
    <Project Path="tests/Sanad.UnitTests/Sanad.UnitTests.csproj" />
  </Folder>
</Solution>
